
Microsoft Visual Studio Solution File, Format Version 12.00
# Visual Studio 2013
VisualStudioVersion = 12.0.31101.0
MinimumVisualStudioVersion = 10.0.40219.1
Project("{FAE04EC0-301F-11D3-BF4B-00C04F79EFBC}") = "OMS.Communicator", "OMS.Communicator\OMS.Communicator.csproj", "{B249FD84-5072-41BC-BB20-D6434DB4701E}"
EndProject
Project("{FAE04EC0-301F-11D3-BF4B-00C04F79EFBC}") = "OMS.Common.Transports", "OMS.Common.Transports\OMS.Common.Transports.csproj", "{BA3493AC-FEEE-4C65-AE26-7C315B50ACB6}"
EndProject
Project("{FAE04EC0-301F-11D3-BF4B-00C04F79EFBC}") = "OMS.Trading.Common", "OMS.Trading.Common\OMS.Trading.Common.csproj", "{F757D7F7-658E-41CB-9A93-2E83D9893C4F}"
EndProject
Global
	GlobalSection(SolutionConfigurationPlatforms) = preSolution
		Debug|Any CPU = Debug|Any CPU
		Release|Any CPU = Release|Any CPU
	EndGlobalSection
	GlobalSection(ProjectConfigurationPlatforms) = postSolution
		{B249FD84-5072-41BC-BB20-D6434DB4701E}.Debug|Any CPU.ActiveCfg = Debug|Any CPU
		{B249FD84-5072-41BC-BB20-D6434DB4701E}.Debug|Any CPU.Build.0 = Debug|Any CPU
		{B249FD84-5072-41BC-BB20-D6434DB4701E}.Release|Any CPU.ActiveCfg = Release|Any CPU
		{B249FD84-5072-41BC-BB20-D6434DB4701E}.Release|Any CPU.Build.0 = Release|Any CPU
		{BA3493AC-FEEE-4C65-AE26-7C315B50ACB6}.Debug|Any CPU.ActiveCfg = Debug|Any CPU
		{BA3493AC-FEEE-4C65-AE26-7C315B50ACB6}.Debug|Any CPU.Build.0 = Debug|Any CPU
		{BA3493AC-FEEE-4C65-AE26-7C315B50ACB6}.Release|Any CPU.ActiveCfg = Release|Any CPU
		{BA3493AC-FEEE-4C65-AE26-7C315B50ACB6}.Release|Any CPU.Build.0 = Release|Any CPU
		{F757D7F7-658E-41CB-9A93-2E83D9893C4F}.Debug|Any CPU.ActiveCfg = Debug|Any CPU
		{F757D7F7-658E-41CB-9A93-2E83D9893C4F}.Debug|Any CPU.Build.0 = Debug|Any CPU
		{F757D7F7-658E-41CB-9A93-2E83D9893C4F}.Release|Any CPU.ActiveCfg = Release|Any CPU
		{F757D7F7-658E-41CB-9A93-2E83D9893C4F}.Release|Any CPU.Build.0 = Release|Any CPU
	EndGlobalSection
	GlobalSection(SolutionProperties) = preSolution
		HideSolutionNode = FALSE
	EndGlobalSection
EndGlobal
